# This file is automatically @generated by Cargo.
# It is not intended for manual editing.
[[package]]
name = "nanorand"
version = "0.5.1"
source = "registry+https://github.com/rust-lang/crates.io-index"
checksum = "3173d7bb904c5a3a2f9167eb936916a39e97124846b8316223323aed9a34d1e7"

[[package]]
name = "passphrase_lib"
version = "1.0.4"
dependencies = [
 "nanorand",
]
