# This file is automatically @generated by Cargo.
# It is not intended for manual editing.
[[package]]
name = "nanorand"
version = "0.5.0"
source = "registry+https://github.com/rust-lang/crates.io-index"
checksum = "ee0409eacc25d781c09d1853b5a40ae3ad1e641752bff319b0382f6dcba6772a"

[[package]]
name = "passphrase_lib"
version = "1.0.4"
dependencies = [
 "nanorand",
]
